{
    "name": "prospark-project",
    "version": "1.0.0",
    "lockfileVersion": 3,
    "requires": true,
    "packages": {
        "": {
            "name": "prospark-project",
            "version": "1.0.0",
            "license": "ISC",
            "workspaces": [
                "packages/*"
            ],
            "dependencies": {
                "use-screen-recorder": "^1.0.2"
            }
        },
        "node_modules/use-screen-recorder": {
            "version": "1.0.2",
            "resolved": "https://registry.npmjs.org/use-screen-recorder/-/use-screen-recorder-1.0.2.tgz",
            "integrity": "sha512-QpTtEdYhbGDPzw6p1m5Wrmc20qmEaJEDsFhaH82PkwkFN/4F05hNAtUBRkFSnWOsfqEhI30Wsjt9+HTOkUMVGw==",
            "engines": {
                "node": ">=8",
                "npm": ">=5"
            },
            "peerDependencies": {
                "react": "^16.9.0"
            }
        },
        "packages/api": {
            "version": "1.0.0",
            "extraneous": true,
            "license": "MIT",
            "dependencies": {
                "@hokify/agenda": "^6.3.0",
                "body-parser": "^1.20.2",
                "cors": "^2.8.5",
                "dotenv": "^16.3.1",
                "express": "^4.18.2",
                "fluent-ffmpeg": "^2.1.2",
                "joi": "^17.10.2",
                "mongoose": "^7.5.3",
                "multer": "^1.4.5-lts.1",
                "openai": "^4.11.0",
                "short-uuid": "^4.2.2",
                "swagger-ui-express": "^5.0.0",
                "yaml": "^2.3.2"
            },
            "devDependencies": {
                "nodemon": "^3.0.1"
            }
        },
        "packages/web": {
            "name": "help-me-app",
            "version": "0.1.0",
            "extraneous": true,
            "dependencies": {
                "@emotion/react": "^11.11.1",
                "@emotion/styled": "^11.11.0",
                "@next/font": "^13.4.19",
                "autoprefixer": "10.4.15",
                "axios": "^1.5.0",
                "moment": "^2.29.4",
                "next": "13.4.19",
                "nprogress": "^0.2.0",
                "postcss": "8.4.29",
                "react": "18.2.0",
                "react-dom": "18.2.0",
                "react-icons": "^4.11.0",
                "tailwind-merge": "^1.14.0",
                "tailwindcss": "3.3.3"
            },
            "devDependencies": {}
        }
    }
}
